
Microsoft Visual Studio Solution File, Format Version 12.00
# Visual Studio 14
VisualStudioVersion = 14.0.24720.0
MinimumVisualStudioVersion = 10.0.40219.1
Project("{FAE04EC0-301F-11D3-BF4B-00C04F79EFBC}") = "sandbox", "sandbox\sandbox.csproj", "{6197C4D9-94CA-4B27-85F7-C2B13165FC6A}"
EndProject
Project("{FAE04EC0-301F-11D3-BF4B-00C04F79EFBC}") = "master", "master\master.csproj", "{B55693B1-3A6D-44BC-92F9-1E2F7018553F}"
EndProject
Project("{FAE04EC0-301F-11D3-BF4B-00C04F79EFBC}") = "sandbox-native", "sandbox-native\sandbox-native.csproj", "{527FB2C7-7204-47A7-B752-B8EB28E0D2FB}"
EndProject
Project("{8BC9CEB8-8B4A-11D0-8D11-00A0C91BC942}") = "native", "native\native.vcxproj", "{96F98DA9-3345-E4BC-4B8E-9C6225A45447}"
EndProject
Project("{FAE04EC0-301F-11D3-BF4B-00C04F79EFBC}") = "testing", "testing\testing.csproj", "{EF429A5B-1932-4F29-9120-7D036D0A1491}"
EndProject
Project("{2150E333-8FDC-42A3-9474-1A3956D46DE8}") = "Solution Items", "Solution Items", "{855DCF58-B802-41AC-B98D-4CC9B6CD7FD9}"
	ProjectSection(SolutionItems) = preProject
		license-readme.txt = license-readme.txt
		license.txt = license.txt
		Local.testsettings = Local.testsettings
		lzma.vsmdi = lzma.vsmdi
		readme.md = readme.md
	EndProjectSection
EndProject
Project("{FAE04EC0-301F-11D3-BF4B-00C04F79EFBC}") = "sandbox-7z", "sandbox-7z\sandbox-7z.csproj", "{D13E39CD-E54E-43AF-AC0C-1425B755024E}"
EndProject
Project("{D954291E-2A0B-460D-934E-DC6B0785DB48}") = "shared", "shared\shared.shproj", "{D2B79CE1-6D9A-4785-8255-10890F5FFDFF}"
EndProject
Project("{FAE04EC0-301F-11D3-BF4B-00C04F79EFBC}") = "library", "library\library.csproj", "{136726D6-588F-446C-BC0F-77D02350FAE4}"
EndProject
Project("{FAE04EC0-301F-11D3-BF4B-00C04F79EFBC}") = "portable", "portable\portable.csproj", "{801178B6-36EF-44F7-84A5-06B06D5EA07F}"
EndProject
Project("{FAE04EC0-301F-11D3-BF4B-00C04F79EFBC}") = "portable-compat", "portable-compat\portable-compat.csproj", "{642797E0-133F-4662-B1F6-C28ABD00DC5B}"
EndProject
Project("{FAE04EC0-301F-11D3-BF4B-00C04F79EFBC}") = "library45", "library45\library45.csproj", "{FB259827-A163-4D79-AA7D-E9497C67450D}"
EndProject
Global
	GlobalSection(SharedMSBuildProjectFiles) = preSolution
		shared\shared.projitems*{b55693b1-3a6d-44bc-92f9-1e2f7018553f}*SharedItemsImports = 4
		shared\shared.projitems*{d2b79ce1-6d9a-4785-8255-10890f5ffdff}*SharedItemsImports = 13
		shared\shared.projitems*{801178b6-36ef-44f7-84a5-06b06d5ea07f}*SharedItemsImports = 4
		shared\shared.projitems*{fb259827-a163-4d79-aa7d-e9497c67450d}*SharedItemsImports = 4
		shared\shared.projitems*{642797e0-133f-4662-b1f6-c28abd00dc5b}*SharedItemsImports = 4
		shared\shared.projitems*{136726d6-588f-446c-bc0f-77d02350fae4}*SharedItemsImports = 4
	EndGlobalSection
	GlobalSection(SolutionConfigurationPlatforms) = preSolution
		Debug|Any CPU = Debug|Any CPU
		Debug|Mixed Platforms = Debug|Mixed Platforms
		Debug|Win32 = Debug|Win32
		DebugTest|Any CPU = DebugTest|Any CPU
		DebugTest|Mixed Platforms = DebugTest|Mixed Platforms
		DebugTest|Win32 = DebugTest|Win32
		Release|Any CPU = Release|Any CPU
		Release|Mixed Platforms = Release|Mixed Platforms
		Release|Win32 = Release|Win32
		ReleaseTest|Any CPU = ReleaseTest|Any CPU
		ReleaseTest|Mixed Platforms = ReleaseTest|Mixed Platforms
		ReleaseTest|Win32 = ReleaseTest|Win32
	EndGlobalSection
	GlobalSection(ProjectConfigurationPlatforms) = postSolution
		{6197C4D9-94CA-4B27-85F7-C2B13165FC6A}.Debug|Any CPU.ActiveCfg = Debug|Any CPU
		{6197C4D9-94CA-4B27-85F7-C2B13165FC6A}.Debug|Any CPU.Build.0 = Debug|Any CPU
		{6197C4D9-94CA-4B27-85F7-C2B13165FC6A}.Debug|Mixed Platforms.ActiveCfg = Debug|Any CPU
		{6197C4D9-94CA-4B27-85F7-C2B13165FC6A}.Debug|Win32.ActiveCfg = Debug|Any CPU
		{6197C4D9-94CA-4B27-85F7-C2B13165FC6A}.DebugTest|Any CPU.ActiveCfg = Debug|Any CPU
		{6197C4D9-94CA-4B27-85F7-C2B13165FC6A}.DebugTest|Any CPU.Build.0 = Debug|Any CPU
		{6197C4D9-94CA-4B27-85F7-C2B13165FC6A}.DebugTest|Mixed Platforms.ActiveCfg = Debug|Any CPU
		{6197C4D9-94CA-4B27-85F7-C2B13165FC6A}.DebugTest|Mixed Platforms.Build.0 = Debug|Any CPU
		{6197C4D9-94CA-4B27-85F7-C2B13165FC6A}.DebugTest|Win32.ActiveCfg = Debug|Any CPU
		{6197C4D9-94CA-4B27-85F7-C2B13165FC6A}.Release|Any CPU.ActiveCfg = Release|Any CPU
		{6197C4D9-94CA-4B27-85F7-C2B13165FC6A}.Release|Any CPU.Build.0 = Release|Any CPU
		{6197C4D9-94CA-4B27-85F7-C2B13165FC6A}.Release|Mixed Platforms.ActiveCfg = Release|Any CPU
		{6197C4D9-94CA-4B27-85F7-C2B13165FC6A}.Release|Win32.ActiveCfg = Release|Any CPU
		{6197C4D9-94CA-4B27-85F7-C2B13165FC6A}.ReleaseTest|Any CPU.ActiveCfg = Release|Any CPU
		{6197C4D9-94CA-4B27-85F7-C2B13165FC6A}.ReleaseTest|Any CPU.Build.0 = Release|Any CPU
		{6197C4D9-94CA-4B27-85F7-C2B13165FC6A}.ReleaseTest|Mixed Platforms.ActiveCfg = Release|Any CPU
		{6197C4D9-94CA-4B27-85F7-C2B13165FC6A}.ReleaseTest|Mixed Platforms.Build.0 = Release|Any CPU
		{6197C4D9-94CA-4B27-85F7-C2B13165FC6A}.ReleaseTest|Win32.ActiveCfg = Release|Any CPU
		{B55693B1-3A6D-44BC-92F9-1E2F7018553F}.Debug|Any CPU.ActiveCfg = Debug|Any CPU
		{B55693B1-3A6D-44BC-92F9-1E2F7018553F}.Debug|Any CPU.Build.0 = Debug|Any CPU
		{B55693B1-3A6D-44BC-92F9-1E2F7018553F}.Debug|Mixed Platforms.ActiveCfg = Debug|Any CPU
		{B55693B1-3A6D-44BC-92F9-1E2F7018553F}.Debug|Mixed Platforms.Build.0 = Debug|Any CPU
		{B55693B1-3A6D-44BC-92F9-1E2F7018553F}.Debug|Win32.ActiveCfg = Debug|Any CPU
		{B55693B1-3A6D-44BC-92F9-1E2F7018553F}.DebugTest|Any CPU.ActiveCfg = Debug|Any CPU
		{B55693B1-3A6D-44BC-92F9-1E2F7018553F}.DebugTest|Any CPU.Build.0 = Debug|Any CPU
		{B55693B1-3A6D-44BC-92F9-1E2F7018553F}.DebugTest|Mixed Platforms.ActiveCfg = DebugTest|Any CPU
		{B55693B1-3A6D-44BC-92F9-1E2F7018553F}.DebugTest|Mixed Platforms.Build.0 = DebugTest|Any CPU
		{B55693B1-3A6D-44BC-92F9-1E2F7018553F}.DebugTest|Win32.ActiveCfg = Debug|Any CPU
		{B55693B1-3A6D-44BC-92F9-1E2F7018553F}.Release|Any CPU.ActiveCfg = Release|Any CPU
		{B55693B1-3A6D-44BC-92F9-1E2F7018553F}.Release|Any CPU.Build.0 = Release|Any CPU
		{B55693B1-3A6D-44BC-92F9-1E2F7018553F}.Release|Mixed Platforms.ActiveCfg = Release|Any CPU
		{B55693B1-3A6D-44BC-92F9-1E2F7018553F}.Release|Mixed Platforms.Build.0 = Release|Any CPU
		{B55693B1-3A6D-44BC-92F9-1E2F7018553F}.Release|Win32.ActiveCfg = Release|Any CPU
		{B55693B1-3A6D-44BC-92F9-1E2F7018553F}.ReleaseTest|Any CPU.ActiveCfg = Release|Any CPU
		{B55693B1-3A6D-44BC-92F9-1E2F7018553F}.ReleaseTest|Any CPU.Build.0 = Release|Any CPU
		{B55693B1-3A6D-44BC-92F9-1E2F7018553F}.ReleaseTest|Mixed Platforms.ActiveCfg = ReleaseTest|Any CPU
		{B55693B1-3A6D-44BC-92F9-1E2F7018553F}.ReleaseTest|Mixed Platforms.Build.0 = ReleaseTest|Any CPU
		{B55693B1-3A6D-44BC-92F9-1E2F7018553F}.ReleaseTest|Win32.ActiveCfg = Release|Any CPU
		{527FB2C7-7204-47A7-B752-B8EB28E0D2FB}.Debug|Any CPU.ActiveCfg = Debug|Any CPU
		{527FB2C7-7204-47A7-B752-B8EB28E0D2FB}.Debug|Any CPU.Build.0 = Debug|Any CPU
		{527FB2C7-7204-47A7-B752-B8EB28E0D2FB}.Debug|Mixed Platforms.ActiveCfg = Debug|Any CPU
		{527FB2C7-7204-47A7-B752-B8EB28E0D2FB}.Debug|Win32.ActiveCfg = Debug|Any CPU
		{527FB2C7-7204-47A7-B752-B8EB28E0D2FB}.DebugTest|Any CPU.ActiveCfg = Debug|Any CPU
		{527FB2C7-7204-47A7-B752-B8EB28E0D2FB}.DebugTest|Any CPU.Build.0 = Debug|Any CPU
		{527FB2C7-7204-47A7-B752-B8EB28E0D2FB}.DebugTest|Mixed Platforms.ActiveCfg = Debug|Any CPU
		{527FB2C7-7204-47A7-B752-B8EB28E0D2FB}.DebugTest|Mixed Platforms.Build.0 = Debug|Any CPU
		{527FB2C7-7204-47A7-B752-B8EB28E0D2FB}.DebugTest|Win32.ActiveCfg = Debug|Any CPU
		{527FB2C7-7204-47A7-B752-B8EB28E0D2FB}.Release|Any CPU.ActiveCfg = Release|Any CPU
		{527FB2C7-7204-47A7-B752-B8EB28E0D2FB}.Release|Any CPU.Build.0 = Release|Any CPU
		{527FB2C7-7204-47A7-B752-B8EB28E0D2FB}.Release|Mixed Platforms.ActiveCfg = Release|Any CPU
		{527FB2C7-7204-47A7-B752-B8EB28E0D2FB}.Release|Win32.ActiveCfg = Release|Any CPU
		{527FB2C7-7204-47A7-B752-B8EB28E0D2FB}.ReleaseTest|Any CPU.ActiveCfg = Release|Any CPU
		{527FB2C7-7204-47A7-B752-B8EB28E0D2FB}.ReleaseTest|Any CPU.Build.0 = Release|Any CPU
		{527FB2C7-7204-47A7-B752-B8EB28E0D2FB}.ReleaseTest|Mixed Platforms.ActiveCfg = Release|Any CPU
		{527FB2C7-7204-47A7-B752-B8EB28E0D2FB}.ReleaseTest|Mixed Platforms.Build.0 = Release|Any CPU
		{527FB2C7-7204-47A7-B752-B8EB28E0D2FB}.ReleaseTest|Win32.ActiveCfg = Release|Any CPU
		{96F98DA9-3345-E4BC-4B8E-9C6225A45447}.Debug|Any CPU.ActiveCfg = Debug|Win32
		{96F98DA9-3345-E4BC-4B8E-9C6225A45447}.Debug|Mixed Platforms.ActiveCfg = Debug|Win32
		{96F98DA9-3345-E4BC-4B8E-9C6225A45447}.Debug|Win32.ActiveCfg = Debug|Win32
		{96F98DA9-3345-E4BC-4B8E-9C6225A45447}.Debug|Win32.Build.0 = Debug|Win32
		{96F98DA9-3345-E4BC-4B8E-9C6225A45447}.DebugTest|Any CPU.ActiveCfg = Debug|Win32
		{96F98DA9-3345-E4BC-4B8E-9C6225A45447}.DebugTest|Mixed Platforms.ActiveCfg = Debug|Win32
		{96F98DA9-3345-E4BC-4B8E-9C6225A45447}.DebugTest|Mixed Platforms.Build.0 = Debug|Win32
		{96F98DA9-3345-E4BC-4B8E-9C6225A45447}.DebugTest|Win32.ActiveCfg = Debug|Win32
		{96F98DA9-3345-E4BC-4B8E-9C6225A45447}.DebugTest|Win32.Build.0 = Debug|Win32
		{96F98DA9-3345-E4BC-4B8E-9C6225A45447}.Release|Any CPU.ActiveCfg = Release|Win32
		{96F98DA9-3345-E4BC-4B8E-9C6225A45447}.Release|Mixed Platforms.ActiveCfg = Release|Win32
		{96F98DA9-3345-E4BC-4B8E-9C6225A45447}.Release|Win32.ActiveCfg = Release|Win32
		{96F98DA9-3345-E4BC-4B8E-9C6225A45447}.Release|Win32.Build.0 = Release|Win32
		{96F98DA9-3345-E4BC-4B8E-9C6225A45447}.ReleaseTest|Any CPU.ActiveCfg = Release|Win32
		{96F98DA9-3345-E4BC-4B8E-9C6225A45447}.ReleaseTest|Mixed Platforms.ActiveCfg = Release|Win32
		{96F98DA9-3345-E4BC-4B8E-9C6225A45447}.ReleaseTest|Mixed Platforms.Build.0 = Release|Win32
		{96F98DA9-3345-E4BC-4B8E-9C6225A45447}.ReleaseTest|Win32.ActiveCfg = Release|Win32
		{96F98DA9-3345-E4BC-4B8E-9C6225A45447}.ReleaseTest|Win32.Build.0 = Release|Win32
		{EF429A5B-1932-4F29-9120-7D036D0A1491}.Debug|Any CPU.ActiveCfg = Debug|Any CPU
		{EF429A5B-1932-4F29-9120-7D036D0A1491}.Debug|Any CPU.Build.0 = Debug|Any CPU
		{EF429A5B-1932-4F29-9120-7D036D0A1491}.Debug|Mixed Platforms.ActiveCfg = Debug|Any CPU
		{EF429A5B-1932-4F29-9120-7D036D0A1491}.Debug|Win32.ActiveCfg = Debug|Any CPU
		{EF429A5B-1932-4F29-9120-7D036D0A1491}.DebugTest|Any CPU.ActiveCfg = Debug|Any CPU
		{EF429A5B-1932-4F29-9120-7D036D0A1491}.DebugTest|Any CPU.Build.0 = Debug|Any CPU
		{EF429A5B-1932-4F29-9120-7D036D0A1491}.DebugTest|Mixed Platforms.ActiveCfg = Debug|Any CPU
		{EF429A5B-1932-4F29-9120-7D036D0A1491}.DebugTest|Mixed Platforms.Build.0 = Debug|Any CPU
		{EF429A5B-1932-4F29-9120-7D036D0A1491}.DebugTest|Win32.ActiveCfg = Debug|Any CPU
		{EF429A5B-1932-4F29-9120-7D036D0A1491}.Release|Any CPU.ActiveCfg = Release|Any CPU
		{EF429A5B-1932-4F29-9120-7D036D0A1491}.Release|Any CPU.Build.0 = Release|Any CPU
		{EF429A5B-1932-4F29-9120-7D036D0A1491}.Release|Mixed Platforms.ActiveCfg = Release|Any CPU
		{EF429A5B-1932-4F29-9120-7D036D0A1491}.Release|Win32.ActiveCfg = Release|Any CPU
		{EF429A5B-1932-4F29-9120-7D036D0A1491}.ReleaseTest|Any CPU.ActiveCfg = Release|Any CPU
		{EF429A5B-1932-4F29-9120-7D036D0A1491}.ReleaseTest|Any CPU.Build.0 = Release|Any CPU
		{EF429A5B-1932-4F29-9120-7D036D0A1491}.ReleaseTest|Mixed Platforms.ActiveCfg = Release|Any CPU
		{EF429A5B-1932-4F29-9120-7D036D0A1491}.ReleaseTest|Mixed Platforms.Build.0 = Release|Any CPU
		{EF429A5B-1932-4F29-9120-7D036D0A1491}.ReleaseTest|Win32.ActiveCfg = Release|Any CPU
		{D13E39CD-E54E-43AF-AC0C-1425B755024E}.Debug|Any CPU.ActiveCfg = Debug|Any CPU
		{D13E39CD-E54E-43AF-AC0C-1425B755024E}.Debug|Any CPU.Build.0 = Debug|Any CPU
		{D13E39CD-E54E-43AF-AC0C-1425B755024E}.Debug|Mixed Platforms.ActiveCfg = Debug|Any CPU
		{D13E39CD-E54E-43AF-AC0C-1425B755024E}.Debug|Mixed Platforms.Build.0 = Debug|Any CPU
		{D13E39CD-E54E-43AF-AC0C-1425B755024E}.Debug|Win32.ActiveCfg = Debug|Any CPU
		{D13E39CD-E54E-43AF-AC0C-1425B755024E}.DebugTest|Any CPU.ActiveCfg = Debug|Any CPU
		{D13E39CD-E54E-43AF-AC0C-1425B755024E}.DebugTest|Any CPU.Build.0 = Debug|Any CPU
		{D13E39CD-E54E-43AF-AC0C-1425B755024E}.DebugTest|Mixed Platforms.ActiveCfg = Debug|Any CPU
		{D13E39CD-E54E-43AF-AC0C-1425B755024E}.DebugTest|Win32.ActiveCfg = Debug|Any CPU
		{D13E39CD-E54E-43AF-AC0C-1425B755024E}.Release|Any CPU.ActiveCfg = Release|Any CPU
		{D13E39CD-E54E-43AF-AC0C-1425B755024E}.Release|Any CPU.Build.0 = Release|Any CPU
		{D13E39CD-E54E-43AF-AC0C-1425B755024E}.Release|Mixed Platforms.ActiveCfg = Release|Any CPU
		{D13E39CD-E54E-43AF-AC0C-1425B755024E}.Release|Mixed Platforms.Build.0 = Release|Any CPU
		{D13E39CD-E54E-43AF-AC0C-1425B755024E}.Release|Win32.ActiveCfg = Release|Any CPU
		{D13E39CD-E54E-43AF-AC0C-1425B755024E}.ReleaseTest|Any CPU.ActiveCfg = Release|Any CPU
		{D13E39CD-E54E-43AF-AC0C-1425B755024E}.ReleaseTest|Any CPU.Build.0 = Release|Any CPU
		{D13E39CD-E54E-43AF-AC0C-1425B755024E}.ReleaseTest|Mixed Platforms.ActiveCfg = Release|Any CPU
		{D13E39CD-E54E-43AF-AC0C-1425B755024E}.ReleaseTest|Win32.ActiveCfg = Release|Any CPU
		{136726D6-588F-446C-BC0F-77D02350FAE4}.Debug|Any CPU.ActiveCfg = Debug|Any CPU
		{136726D6-588F-446C-BC0F-77D02350FAE4}.Debug|Any CPU.Build.0 = Debug|Any CPU
		{136726D6-588F-446C-BC0F-77D02350FAE4}.Debug|Mixed Platforms.ActiveCfg = Debug|Any CPU
		{136726D6-588F-446C-BC0F-77D02350FAE4}.Debug|Mixed Platforms.Build.0 = Debug|Any CPU
		{136726D6-588F-446C-BC0F-77D02350FAE4}.Debug|Win32.ActiveCfg = Debug|Any CPU
		{136726D6-588F-446C-BC0F-77D02350FAE4}.Debug|Win32.Build.0 = Debug|Any CPU
		{136726D6-588F-446C-BC0F-77D02350FAE4}.DebugTest|Any CPU.ActiveCfg = Debug|Any CPU
		{136726D6-588F-446C-BC0F-77D02350FAE4}.DebugTest|Any CPU.Build.0 = Debug|Any CPU
		{136726D6-588F-446C-BC0F-77D02350FAE4}.DebugTest|Mixed Platforms.ActiveCfg = Debug|Any CPU
		{136726D6-588F-446C-BC0F-77D02350FAE4}.DebugTest|Mixed Platforms.Build.0 = Debug|Any CPU
		{136726D6-588F-446C-BC0F-77D02350FAE4}.DebugTest|Win32.ActiveCfg = Debug|Any CPU
		{136726D6-588F-446C-BC0F-77D02350FAE4}.DebugTest|Win32.Build.0 = Debug|Any CPU
		{136726D6-588F-446C-BC0F-77D02350FAE4}.Release|Any CPU.ActiveCfg = Release|Any CPU
		{136726D6-588F-446C-BC0F-77D02350FAE4}.Release|Any CPU.Build.0 = Release|Any CPU
		{136726D6-588F-446C-BC0F-77D02350FAE4}.Release|Mixed Platforms.ActiveCfg = Release|Any CPU
		{136726D6-588F-446C-BC0F-77D02350FAE4}.Release|Mixed Platforms.Build.0 = Release|Any CPU
		{136726D6-588F-446C-BC0F-77D02350FAE4}.Release|Win32.ActiveCfg = Release|Any CPU
		{136726D6-588F-446C-BC0F-77D02350FAE4}.Release|Win32.Build.0 = Release|Any CPU
		{136726D6-588F-446C-BC0F-77D02350FAE4}.ReleaseTest|Any CPU.ActiveCfg = Release|Any CPU
		{136726D6-588F-446C-BC0F-77D02350FAE4}.ReleaseTest|Any CPU.Build.0 = Release|Any CPU
		{136726D6-588F-446C-BC0F-77D02350FAE4}.ReleaseTest|Mixed Platforms.ActiveCfg = Release|Any CPU
		{136726D6-588F-446C-BC0F-77D02350FAE4}.ReleaseTest|Mixed Platforms.Build.0 = Release|Any CPU
		{136726D6-588F-446C-BC0F-77D02350FAE4}.ReleaseTest|Win32.ActiveCfg = Release|Any CPU
		{136726D6-588F-446C-BC0F-77D02350FAE4}.ReleaseTest|Win32.Build.0 = Release|Any CPU
		{801178B6-36EF-44F7-84A5-06B06D5EA07F}.Debug|Any CPU.ActiveCfg = Debug|Any CPU
		{801178B6-36EF-44F7-84A5-06B06D5EA07F}.Debug|Any CPU.Build.0 = Debug|Any CPU
		{801178B6-36EF-44F7-84A5-06B06D5EA07F}.Debug|Mixed Platforms.ActiveCfg = Debug|Any CPU
		{801178B6-36EF-44F7-84A5-06B06D5EA07F}.Debug|Mixed Platforms.Build.0 = Debug|Any CPU
		{801178B6-36EF-44F7-84A5-06B06D5EA07F}.Debug|Win32.ActiveCfg = Debug|Any CPU
		{801178B6-36EF-44F7-84A5-06B06D5EA07F}.Debug|Win32.Build.0 = Debug|Any CPU
		{801178B6-36EF-44F7-84A5-06B06D5EA07F}.DebugTest|Any CPU.ActiveCfg = Debug|Any CPU
		{801178B6-36EF-44F7-84A5-06B06D5EA07F}.DebugTest|Any CPU.Build.0 = Debug|Any CPU
		{801178B6-36EF-44F7-84A5-06B06D5EA07F}.DebugTest|Mixed Platforms.ActiveCfg = Debug|Any CPU
		{801178B6-36EF-44F7-84A5-06B06D5EA07F}.DebugTest|Mixed Platforms.Build.0 = Debug|Any CPU
		{801178B6-36EF-44F7-84A5-06B06D5EA07F}.DebugTest|Win32.ActiveCfg = Debug|Any CPU
		{801178B6-36EF-44F7-84A5-06B06D5EA07F}.DebugTest|Win32.Build.0 = Debug|Any CPU
		{801178B6-36EF-44F7-84A5-06B06D5EA07F}.Release|Any CPU.ActiveCfg = Release|Any CPU
		{801178B6-36EF-44F7-84A5-06B06D5EA07F}.Release|Any CPU.Build.0 = Release|Any CPU
		{801178B6-36EF-44F7-84A5-06B06D5EA07F}.Release|Mixed Platforms.ActiveCfg = Release|Any CPU
		{801178B6-36EF-44F7-84A5-06B06D5EA07F}.Release|Mixed Platforms.Build.0 = Release|Any CPU
		{801178B6-36EF-44F7-84A5-06B06D5EA07F}.Release|Win32.ActiveCfg = Release|Any CPU
		{801178B6-36EF-44F7-84A5-06B06D5EA07F}.Release|Win32.Build.0 = Release|Any CPU
		{801178B6-36EF-44F7-84A5-06B06D5EA07F}.ReleaseTest|Any CPU.ActiveCfg = Release|Any CPU
		{801178B6-36EF-44F7-84A5-06B06D5EA07F}.ReleaseTest|Any CPU.Build.0 = Release|Any CPU
		{801178B6-36EF-44F7-84A5-06B06D5EA07F}.ReleaseTest|Mixed Platforms.ActiveCfg = Release|Any CPU
		{801178B6-36EF-44F7-84A5-06B06D5EA07F}.ReleaseTest|Mixed Platforms.Build.0 = Release|Any CPU
		{801178B6-36EF-44F7-84A5-06B06D5EA07F}.ReleaseTest|Win32.ActiveCfg = Release|Any CPU
		{801178B6-36EF-44F7-84A5-06B06D5EA07F}.ReleaseTest|Win32.Build.0 = Release|Any CPU
		{642797E0-133F-4662-B1F6-C28ABD00DC5B}.Debug|Any CPU.ActiveCfg = Debug|Any CPU
		{642797E0-133F-4662-B1F6-C28ABD00DC5B}.Debug|Any CPU.Build.0 = Debug|Any CPU
		{642797E0-133F-4662-B1F6-C28ABD00DC5B}.Debug|Mixed Platforms.ActiveCfg = Debug|Any CPU
		{642797E0-133F-4662-B1F6-C28ABD00DC5B}.Debug|Mixed Platforms.Build.0 = Debug|Any CPU
		{642797E0-133F-4662-B1F6-C28ABD00DC5B}.Debug|Win32.ActiveCfg = Debug|Any CPU
		{642797E0-133F-4662-B1F6-C28ABD00DC5B}.Debug|Win32.Build.0 = Debug|Any CPU
		{642797E0-133F-4662-B1F6-C28ABD00DC5B}.DebugTest|Any CPU.ActiveCfg = Debug|Any CPU
		{642797E0-133F-4662-B1F6-C28ABD00DC5B}.DebugTest|Any CPU.Build.0 = Debug|Any CPU
		{642797E0-133F-4662-B1F6-C28ABD00DC5B}.DebugTest|Mixed Platforms.ActiveCfg = Debug|Any CPU
		{642797E0-133F-4662-B1F6-C28ABD00DC5B}.DebugTest|Mixed Platforms.Build.0 = Debug|Any CPU
		{642797E0-133F-4662-B1F6-C28ABD00DC5B}.DebugTest|Win32.ActiveCfg = Debug|Any CPU
		{642797E0-133F-4662-B1F6-C28ABD00DC5B}.DebugTest|Win32.Build.0 = Debug|Any CPU
		{642797E0-133F-4662-B1F6-C28ABD00DC5B}.Release|Any CPU.ActiveCfg = Release|Any CPU
		{642797E0-133F-4662-B1F6-C28ABD00DC5B}.Release|Any CPU.Build.0 = Release|Any CPU
		{642797E0-133F-4662-B1F6-C28ABD00DC5B}.Release|Mixed Platforms.ActiveCfg = Release|Any CPU
		{642797E0-133F-4662-B1F6-C28ABD00DC5B}.Release|Mixed Platforms.Build.0 = Release|Any CPU
		{642797E0-133F-4662-B1F6-C28ABD00DC5B}.Release|Win32.ActiveCfg = Release|Any CPU
		{642797E0-133F-4662-B1F6-C28ABD00DC5B}.Release|Win32.Build.0 = Release|Any CPU
		{642797E0-133F-4662-B1F6-C28ABD00DC5B}.ReleaseTest|Any CPU.ActiveCfg = Release|Any CPU
		{642797E0-133F-4662-B1F6-C28ABD00DC5B}.ReleaseTest|Any CPU.Build.0 = Release|Any CPU
		{642797E0-133F-4662-B1F6-C28ABD00DC5B}.ReleaseTest|Mixed Platforms.ActiveCfg = Release|Any CPU
		{642797E0-133F-4662-B1F6-C28ABD00DC5B}.ReleaseTest|Mixed Platforms.Build.0 = Release|Any CPU
		{642797E0-133F-4662-B1F6-C28ABD00DC5B}.ReleaseTest|Win32.ActiveCfg = Release|Any CPU
		{642797E0-133F-4662-B1F6-C28ABD00DC5B}.ReleaseTest|Win32.Build.0 = Release|Any CPU
		{FB259827-A163-4D79-AA7D-E9497C67450D}.Debug|Any CPU.ActiveCfg = Debug|Any CPU
		{FB259827-A163-4D79-AA7D-E9497C67450D}.Debug|Any CPU.Build.0 = Debug|Any CPU
		{FB259827-A163-4D79-AA7D-E9497C67450D}.Debug|Mixed Platforms.ActiveCfg = Debug|Any CPU
		{FB259827-A163-4D79-AA7D-E9497C67450D}.Debug|Mixed Platforms.Build.0 = Debug|Any CPU
		{FB259827-A163-4D79-AA7D-E9497C67450D}.Debug|Win32.ActiveCfg = Debug|Any CPU
		{FB259827-A163-4D79-AA7D-E9497C67450D}.Debug|Win32.Build.0 = Debug|Any CPU
		{FB259827-A163-4D79-AA7D-E9497C67450D}.DebugTest|Any CPU.ActiveCfg = Debug|Any CPU
		{FB259827-A163-4D79-AA7D-E9497C67450D}.DebugTest|Any CPU.Build.0 = Debug|Any CPU
		{FB259827-A163-4D79-AA7D-E9497C67450D}.DebugTest|Mixed Platforms.ActiveCfg = Debug|Any CPU
		{FB259827-A163-4D79-AA7D-E9497C67450D}.DebugTest|Mixed Platforms.Build.0 = Debug|Any CPU
		{FB259827-A163-4D79-AA7D-E9497C67450D}.DebugTest|Win32.ActiveCfg = Debug|Any CPU
		{FB259827-A163-4D79-AA7D-E9497C67450D}.DebugTest|Win32.Build.0 = Debug|Any CPU
		{FB259827-A163-4D79-AA7D-E9497C67450D}.Release|Any CPU.ActiveCfg = Release|Any CPU
		{FB259827-A163-4D79-AA7D-E9497C67450D}.Release|Any CPU.Build.0 = Release|Any CPU
		{FB259827-A163-4D79-AA7D-E9497C67450D}.Release|Mixed Platforms.ActiveCfg = Release|Any CPU
		{FB259827-A163-4D79-AA7D-E9497C67450D}.Release|Mixed Platforms.Build.0 = Release|Any CPU
		{FB259827-A163-4D79-AA7D-E9497C67450D}.Release|Win32.ActiveCfg = Release|Any CPU
		{FB259827-A163-4D79-AA7D-E9497C67450D}.Release|Win32.Build.0 = Release|Any CPU
		{FB259827-A163-4D79-AA7D-E9497C67450D}.ReleaseTest|Any CPU.ActiveCfg = Release|Any CPU
		{FB259827-A163-4D79-AA7D-E9497C67450D}.ReleaseTest|Any CPU.Build.0 = Release|Any CPU
		{FB259827-A163-4D79-AA7D-E9497C67450D}.ReleaseTest|Mixed Platforms.ActiveCfg = Release|Any CPU
		{FB259827-A163-4D79-AA7D-E9497C67450D}.ReleaseTest|Mixed Platforms.Build.0 = Release|Any CPU
		{FB259827-A163-4D79-AA7D-E9497C67450D}.ReleaseTest|Win32.ActiveCfg = Release|Any CPU
		{FB259827-A163-4D79-AA7D-E9497C67450D}.ReleaseTest|Win32.Build.0 = Release|Any CPU
	EndGlobalSection
	GlobalSection(SolutionProperties) = preSolution
		HideSolutionNode = FALSE
	EndGlobalSection
	GlobalSection(TestCaseManagementSettings) = postSolution
		CategoryFile = lzma.vsmdi
	EndGlobalSection
EndGlobal
