
Microsoft Visual Studio Solution File, Format Version 12.00
# Visual Studio 14
VisualStudioVersion = 14.0.23107.0
MinimumVisualStudioVersion = 10.0.40219.1
Project("{FAE04EC0-301F-11D3-BF4B-00C04F79EFBC}") = "sandbox", "sandbox\sandbox.csproj", "{6197C4D9-94CA-4B27-85F7-C2B13165FC6A}"
EndProject
Project("{FAE04EC0-301F-11D3-BF4B-00C04F79EFBC}") = "master", "master\master.csproj", "{B55693B1-3A6D-44BC-92F9-1E2F7018553F}"
EndProject
Project("{FAE04EC0-301F-11D3-BF4B-00C04F79EFBC}") = "sandbox-native", "sandbox-native\sandbox-native.csproj", "{527FB2C7-7204-47A7-B752-B8EB28E0D2FB}"
EndProject
Project("{8BC9CEB8-8B4A-11D0-8D11-00A0C91BC942}") = "native", "native\native.vcxproj", "{96F98DA9-3345-E4BC-4B8E-9C6225A45447}"
EndProject
Project("{FAE04EC0-301F-11D3-BF4B-00C04F79EFBC}") = "testing", "testing\testing.csproj", "{EF429A5B-1932-4F29-9120-7D036D0A1491}"
EndProject
Project("{2150E333-8FDC-42A3-9474-1A3956D46DE8}") = "Solution Items", "Solution Items", "{855DCF58-B802-41AC-B98D-4CC9B6CD7FD9}"
	ProjectSection(SolutionItems) = preProject
		license-readme.txt = license-readme.txt
		license.txt = license.txt
		Local.testsettings = Local.testsettings
		lzma.vsmdi = lzma.vsmdi
		readme.md = readme.md
	EndProjectSection
EndProject
Project("{FAE04EC0-301F-11D3-BF4B-00C04F79EFBC}") = "sandbox-7z", "sandbox-7z\sandbox-7z.csproj", "{D13E39CD-E54E-43AF-AC0C-1425B755024E}"
EndProject
Project("{8BC9CEB8-8B4A-11D0-8D11-00A0C91BC942}") = "universal", "universal\universal.vcxproj", "{799DC5DC-9F2E-4473-8258-EF946005D83B}"
EndProject
Global
	GlobalSection(SolutionConfigurationPlatforms) = preSolution
		Debug|Any CPU = Debug|Any CPU
		Debug|ARM = Debug|ARM
		Debug|Mixed Platforms = Debug|Mixed Platforms
		Debug|Win32 = Debug|Win32
		Debug|x64 = Debug|x64
		DebugTest|Any CPU = DebugTest|Any CPU
		DebugTest|ARM = DebugTest|ARM
		DebugTest|Mixed Platforms = DebugTest|Mixed Platforms
		DebugTest|Win32 = DebugTest|Win32
		DebugTest|x64 = DebugTest|x64
		Release|Any CPU = Release|Any CPU
		Release|ARM = Release|ARM
		Release|Mixed Platforms = Release|Mixed Platforms
		Release|Win32 = Release|Win32
		Release|x64 = Release|x64
		ReleaseTest|Any CPU = ReleaseTest|Any CPU
		ReleaseTest|ARM = ReleaseTest|ARM
		ReleaseTest|Mixed Platforms = ReleaseTest|Mixed Platforms
		ReleaseTest|Win32 = ReleaseTest|Win32
		ReleaseTest|x64 = ReleaseTest|x64
	EndGlobalSection
	GlobalSection(ProjectConfigurationPlatforms) = postSolution
		{6197C4D9-94CA-4B27-85F7-C2B13165FC6A}.Debug|Any CPU.ActiveCfg = Debug|Any CPU
		{6197C4D9-94CA-4B27-85F7-C2B13165FC6A}.Debug|Any CPU.Build.0 = Debug|Any CPU
		{6197C4D9-94CA-4B27-85F7-C2B13165FC6A}.Debug|ARM.ActiveCfg = Debug|Any CPU
		{6197C4D9-94CA-4B27-85F7-C2B13165FC6A}.Debug|ARM.Build.0 = Debug|Any CPU
		{6197C4D9-94CA-4B27-85F7-C2B13165FC6A}.Debug|Mixed Platforms.ActiveCfg = Debug|Any CPU
		{6197C4D9-94CA-4B27-85F7-C2B13165FC6A}.Debug|Win32.ActiveCfg = Debug|Any CPU
		{6197C4D9-94CA-4B27-85F7-C2B13165FC6A}.Debug|x64.ActiveCfg = Debug|Any CPU
		{6197C4D9-94CA-4B27-85F7-C2B13165FC6A}.Debug|x64.Build.0 = Debug|Any CPU
		{6197C4D9-94CA-4B27-85F7-C2B13165FC6A}.DebugTest|Any CPU.ActiveCfg = Debug|Any CPU
		{6197C4D9-94CA-4B27-85F7-C2B13165FC6A}.DebugTest|Any CPU.Build.0 = Debug|Any CPU
		{6197C4D9-94CA-4B27-85F7-C2B13165FC6A}.DebugTest|ARM.ActiveCfg = Debug|Any CPU
		{6197C4D9-94CA-4B27-85F7-C2B13165FC6A}.DebugTest|ARM.Build.0 = Debug|Any CPU
		{6197C4D9-94CA-4B27-85F7-C2B13165FC6A}.DebugTest|Mixed Platforms.ActiveCfg = Debug|Any CPU
		{6197C4D9-94CA-4B27-85F7-C2B13165FC6A}.DebugTest|Mixed Platforms.Build.0 = Debug|Any CPU
		{6197C4D9-94CA-4B27-85F7-C2B13165FC6A}.DebugTest|Win32.ActiveCfg = Debug|Any CPU
		{6197C4D9-94CA-4B27-85F7-C2B13165FC6A}.DebugTest|x64.ActiveCfg = Debug|Any CPU
		{6197C4D9-94CA-4B27-85F7-C2B13165FC6A}.DebugTest|x64.Build.0 = Debug|Any CPU
		{6197C4D9-94CA-4B27-85F7-C2B13165FC6A}.Release|Any CPU.ActiveCfg = Release|Any CPU
		{6197C4D9-94CA-4B27-85F7-C2B13165FC6A}.Release|Any CPU.Build.0 = Release|Any CPU
		{6197C4D9-94CA-4B27-85F7-C2B13165FC6A}.Release|ARM.ActiveCfg = Release|Any CPU
		{6197C4D9-94CA-4B27-85F7-C2B13165FC6A}.Release|ARM.Build.0 = Release|Any CPU
		{6197C4D9-94CA-4B27-85F7-C2B13165FC6A}.Release|Mixed Platforms.ActiveCfg = Release|Any CPU
		{6197C4D9-94CA-4B27-85F7-C2B13165FC6A}.Release|Win32.ActiveCfg = Release|Any CPU
		{6197C4D9-94CA-4B27-85F7-C2B13165FC6A}.Release|x64.ActiveCfg = Release|Any CPU
		{6197C4D9-94CA-4B27-85F7-C2B13165FC6A}.Release|x64.Build.0 = Release|Any CPU
		{6197C4D9-94CA-4B27-85F7-C2B13165FC6A}.ReleaseTest|Any CPU.ActiveCfg = Release|Any CPU
		{6197C4D9-94CA-4B27-85F7-C2B13165FC6A}.ReleaseTest|Any CPU.Build.0 = Release|Any CPU
		{6197C4D9-94CA-4B27-85F7-C2B13165FC6A}.ReleaseTest|ARM.ActiveCfg = Release|Any CPU
		{6197C4D9-94CA-4B27-85F7-C2B13165FC6A}.ReleaseTest|ARM.Build.0 = Release|Any CPU
		{6197C4D9-94CA-4B27-85F7-C2B13165FC6A}.ReleaseTest|Mixed Platforms.ActiveCfg = Release|Any CPU
		{6197C4D9-94CA-4B27-85F7-C2B13165FC6A}.ReleaseTest|Mixed Platforms.Build.0 = Release|Any CPU
		{6197C4D9-94CA-4B27-85F7-C2B13165FC6A}.ReleaseTest|Win32.ActiveCfg = Release|Any CPU
		{6197C4D9-94CA-4B27-85F7-C2B13165FC6A}.ReleaseTest|x64.ActiveCfg = Release|Any CPU
		{6197C4D9-94CA-4B27-85F7-C2B13165FC6A}.ReleaseTest|x64.Build.0 = Release|Any CPU
		{B55693B1-3A6D-44BC-92F9-1E2F7018553F}.Debug|Any CPU.ActiveCfg = Debug|Any CPU
		{B55693B1-3A6D-44BC-92F9-1E2F7018553F}.Debug|Any CPU.Build.0 = Debug|Any CPU
		{B55693B1-3A6D-44BC-92F9-1E2F7018553F}.Debug|ARM.ActiveCfg = Debug|Any CPU
		{B55693B1-3A6D-44BC-92F9-1E2F7018553F}.Debug|ARM.Build.0 = Debug|Any CPU
		{B55693B1-3A6D-44BC-92F9-1E2F7018553F}.Debug|Mixed Platforms.ActiveCfg = Debug|Any CPU
		{B55693B1-3A6D-44BC-92F9-1E2F7018553F}.Debug|Mixed Platforms.Build.0 = Debug|Any CPU
		{B55693B1-3A6D-44BC-92F9-1E2F7018553F}.Debug|Win32.ActiveCfg = Debug|Any CPU
		{B55693B1-3A6D-44BC-92F9-1E2F7018553F}.Debug|x64.ActiveCfg = Debug|Any CPU
		{B55693B1-3A6D-44BC-92F9-1E2F7018553F}.Debug|x64.Build.0 = Debug|Any CPU
		{B55693B1-3A6D-44BC-92F9-1E2F7018553F}.DebugTest|Any CPU.ActiveCfg = Debug|Any CPU
		{B55693B1-3A6D-44BC-92F9-1E2F7018553F}.DebugTest|Any CPU.Build.0 = Debug|Any CPU
		{B55693B1-3A6D-44BC-92F9-1E2F7018553F}.DebugTest|ARM.ActiveCfg = DebugTest|Any CPU
		{B55693B1-3A6D-44BC-92F9-1E2F7018553F}.DebugTest|ARM.Build.0 = DebugTest|Any CPU
		{B55693B1-3A6D-44BC-92F9-1E2F7018553F}.DebugTest|Mixed Platforms.ActiveCfg = DebugTest|Any CPU
		{B55693B1-3A6D-44BC-92F9-1E2F7018553F}.DebugTest|Mixed Platforms.Build.0 = DebugTest|Any CPU
		{B55693B1-3A6D-44BC-92F9-1E2F7018553F}.DebugTest|Win32.ActiveCfg = Debug|Any CPU
		{B55693B1-3A6D-44BC-92F9-1E2F7018553F}.DebugTest|x64.ActiveCfg = DebugTest|Any CPU
		{B55693B1-3A6D-44BC-92F9-1E2F7018553F}.DebugTest|x64.Build.0 = DebugTest|Any CPU
		{B55693B1-3A6D-44BC-92F9-1E2F7018553F}.Release|Any CPU.ActiveCfg = Release|Any CPU
		{B55693B1-3A6D-44BC-92F9-1E2F7018553F}.Release|Any CPU.Build.0 = Release|Any CPU
		{B55693B1-3A6D-44BC-92F9-1E2F7018553F}.Release|ARM.ActiveCfg = Release|Any CPU
		{B55693B1-3A6D-44BC-92F9-1E2F7018553F}.Release|ARM.Build.0 = Release|Any CPU
		{B55693B1-3A6D-44BC-92F9-1E2F7018553F}.Release|Mixed Platforms.ActiveCfg = Release|Any CPU
		{B55693B1-3A6D-44BC-92F9-1E2F7018553F}.Release|Mixed Platforms.Build.0 = Release|Any CPU
		{B55693B1-3A6D-44BC-92F9-1E2F7018553F}.Release|Win32.ActiveCfg = Release|Any CPU
		{B55693B1-3A6D-44BC-92F9-1E2F7018553F}.Release|x64.ActiveCfg = Release|Any CPU
		{B55693B1-3A6D-44BC-92F9-1E2F7018553F}.Release|x64.Build.0 = Release|Any CPU
		{B55693B1-3A6D-44BC-92F9-1E2F7018553F}.ReleaseTest|Any CPU.ActiveCfg = Release|Any CPU
		{B55693B1-3A6D-44BC-92F9-1E2F7018553F}.ReleaseTest|Any CPU.Build.0 = Release|Any CPU
		{B55693B1-3A6D-44BC-92F9-1E2F7018553F}.ReleaseTest|ARM.ActiveCfg = ReleaseTest|Any CPU
		{B55693B1-3A6D-44BC-92F9-1E2F7018553F}.ReleaseTest|ARM.Build.0 = ReleaseTest|Any CPU
		{B55693B1-3A6D-44BC-92F9-1E2F7018553F}.ReleaseTest|Mixed Platforms.ActiveCfg = ReleaseTest|Any CPU
		{B55693B1-3A6D-44BC-92F9-1E2F7018553F}.ReleaseTest|Mixed Platforms.Build.0 = ReleaseTest|Any CPU
		{B55693B1-3A6D-44BC-92F9-1E2F7018553F}.ReleaseTest|Win32.ActiveCfg = Release|Any CPU
		{B55693B1-3A6D-44BC-92F9-1E2F7018553F}.ReleaseTest|x64.ActiveCfg = ReleaseTest|Any CPU
		{B55693B1-3A6D-44BC-92F9-1E2F7018553F}.ReleaseTest|x64.Build.0 = ReleaseTest|Any CPU
		{527FB2C7-7204-47A7-B752-B8EB28E0D2FB}.Debug|Any CPU.ActiveCfg = Debug|Any CPU
		{527FB2C7-7204-47A7-B752-B8EB28E0D2FB}.Debug|Any CPU.Build.0 = Debug|Any CPU
		{527FB2C7-7204-47A7-B752-B8EB28E0D2FB}.Debug|ARM.ActiveCfg = Debug|Any CPU
		{527FB2C7-7204-47A7-B752-B8EB28E0D2FB}.Debug|ARM.Build.0 = Debug|Any CPU
		{527FB2C7-7204-47A7-B752-B8EB28E0D2FB}.Debug|Mixed Platforms.ActiveCfg = Debug|Any CPU
		{527FB2C7-7204-47A7-B752-B8EB28E0D2FB}.Debug|Win32.ActiveCfg = Debug|Any CPU
		{527FB2C7-7204-47A7-B752-B8EB28E0D2FB}.Debug|x64.ActiveCfg = Debug|Any CPU
		{527FB2C7-7204-47A7-B752-B8EB28E0D2FB}.Debug|x64.Build.0 = Debug|Any CPU
		{527FB2C7-7204-47A7-B752-B8EB28E0D2FB}.DebugTest|Any CPU.ActiveCfg = Debug|Any CPU
		{527FB2C7-7204-47A7-B752-B8EB28E0D2FB}.DebugTest|Any CPU.Build.0 = Debug|Any CPU
		{527FB2C7-7204-47A7-B752-B8EB28E0D2FB}.DebugTest|ARM.ActiveCfg = Debug|Any CPU
		{527FB2C7-7204-47A7-B752-B8EB28E0D2FB}.DebugTest|ARM.Build.0 = Debug|Any CPU
		{527FB2C7-7204-47A7-B752-B8EB28E0D2FB}.DebugTest|Mixed Platforms.ActiveCfg = Debug|Any CPU
		{527FB2C7-7204-47A7-B752-B8EB28E0D2FB}.DebugTest|Mixed Platforms.Build.0 = Debug|Any CPU
		{527FB2C7-7204-47A7-B752-B8EB28E0D2FB}.DebugTest|Win32.ActiveCfg = Debug|Any CPU
		{527FB2C7-7204-47A7-B752-B8EB28E0D2FB}.DebugTest|x64.ActiveCfg = Debug|Any CPU
		{527FB2C7-7204-47A7-B752-B8EB28E0D2FB}.DebugTest|x64.Build.0 = Debug|Any CPU
		{527FB2C7-7204-47A7-B752-B8EB28E0D2FB}.Release|Any CPU.ActiveCfg = Release|Any CPU
		{527FB2C7-7204-47A7-B752-B8EB28E0D2FB}.Release|Any CPU.Build.0 = Release|Any CPU
		{527FB2C7-7204-47A7-B752-B8EB28E0D2FB}.Release|ARM.ActiveCfg = Release|Any CPU
		{527FB2C7-7204-47A7-B752-B8EB28E0D2FB}.Release|ARM.Build.0 = Release|Any CPU
		{527FB2C7-7204-47A7-B752-B8EB28E0D2FB}.Release|Mixed Platforms.ActiveCfg = Release|Any CPU
		{527FB2C7-7204-47A7-B752-B8EB28E0D2FB}.Release|Win32.ActiveCfg = Release|Any CPU
		{527FB2C7-7204-47A7-B752-B8EB28E0D2FB}.Release|x64.ActiveCfg = Release|Any CPU
		{527FB2C7-7204-47A7-B752-B8EB28E0D2FB}.Release|x64.Build.0 = Release|Any CPU
		{527FB2C7-7204-47A7-B752-B8EB28E0D2FB}.ReleaseTest|Any CPU.ActiveCfg = Release|Any CPU
		{527FB2C7-7204-47A7-B752-B8EB28E0D2FB}.ReleaseTest|Any CPU.Build.0 = Release|Any CPU
		{527FB2C7-7204-47A7-B752-B8EB28E0D2FB}.ReleaseTest|ARM.ActiveCfg = Release|Any CPU
		{527FB2C7-7204-47A7-B752-B8EB28E0D2FB}.ReleaseTest|ARM.Build.0 = Release|Any CPU
		{527FB2C7-7204-47A7-B752-B8EB28E0D2FB}.ReleaseTest|Mixed Platforms.ActiveCfg = Release|Any CPU
		{527FB2C7-7204-47A7-B752-B8EB28E0D2FB}.ReleaseTest|Mixed Platforms.Build.0 = Release|Any CPU
		{527FB2C7-7204-47A7-B752-B8EB28E0D2FB}.ReleaseTest|Win32.ActiveCfg = Release|Any CPU
		{527FB2C7-7204-47A7-B752-B8EB28E0D2FB}.ReleaseTest|x64.ActiveCfg = Release|Any CPU
		{527FB2C7-7204-47A7-B752-B8EB28E0D2FB}.ReleaseTest|x64.Build.0 = Release|Any CPU
		{96F98DA9-3345-E4BC-4B8E-9C6225A45447}.Debug|Any CPU.ActiveCfg = Debug|Win32
		{96F98DA9-3345-E4BC-4B8E-9C6225A45447}.Debug|ARM.ActiveCfg = Debug|Win32
		{96F98DA9-3345-E4BC-4B8E-9C6225A45447}.Debug|Mixed Platforms.ActiveCfg = Debug|Win32
		{96F98DA9-3345-E4BC-4B8E-9C6225A45447}.Debug|Win32.ActiveCfg = Debug|Win32
		{96F98DA9-3345-E4BC-4B8E-9C6225A45447}.Debug|Win32.Build.0 = Debug|Win32
		{96F98DA9-3345-E4BC-4B8E-9C6225A45447}.Debug|x64.ActiveCfg = Debug|Win32
		{96F98DA9-3345-E4BC-4B8E-9C6225A45447}.DebugTest|Any CPU.ActiveCfg = Debug|Win32
		{96F98DA9-3345-E4BC-4B8E-9C6225A45447}.DebugTest|ARM.ActiveCfg = Release|Win32
		{96F98DA9-3345-E4BC-4B8E-9C6225A45447}.DebugTest|ARM.Build.0 = Release|Win32
		{96F98DA9-3345-E4BC-4B8E-9C6225A45447}.DebugTest|Mixed Platforms.ActiveCfg = Debug|Win32
		{96F98DA9-3345-E4BC-4B8E-9C6225A45447}.DebugTest|Mixed Platforms.Build.0 = Debug|Win32
		{96F98DA9-3345-E4BC-4B8E-9C6225A45447}.DebugTest|Win32.ActiveCfg = Debug|Win32
		{96F98DA9-3345-E4BC-4B8E-9C6225A45447}.DebugTest|Win32.Build.0 = Debug|Win32
		{96F98DA9-3345-E4BC-4B8E-9C6225A45447}.DebugTest|x64.ActiveCfg = Release|Win32
		{96F98DA9-3345-E4BC-4B8E-9C6225A45447}.DebugTest|x64.Build.0 = Release|Win32
		{96F98DA9-3345-E4BC-4B8E-9C6225A45447}.Release|Any CPU.ActiveCfg = Release|Win32
		{96F98DA9-3345-E4BC-4B8E-9C6225A45447}.Release|ARM.ActiveCfg = Release|Win32
		{96F98DA9-3345-E4BC-4B8E-9C6225A45447}.Release|Mixed Platforms.ActiveCfg = Release|Win32
		{96F98DA9-3345-E4BC-4B8E-9C6225A45447}.Release|Win32.ActiveCfg = Release|Win32
		{96F98DA9-3345-E4BC-4B8E-9C6225A45447}.Release|Win32.Build.0 = Release|Win32
		{96F98DA9-3345-E4BC-4B8E-9C6225A45447}.Release|x64.ActiveCfg = Release|Win32
		{96F98DA9-3345-E4BC-4B8E-9C6225A45447}.ReleaseTest|Any CPU.ActiveCfg = Release|Win32
		{96F98DA9-3345-E4BC-4B8E-9C6225A45447}.ReleaseTest|ARM.ActiveCfg = Release|Win32
		{96F98DA9-3345-E4BC-4B8E-9C6225A45447}.ReleaseTest|ARM.Build.0 = Release|Win32
		{96F98DA9-3345-E4BC-4B8E-9C6225A45447}.ReleaseTest|Mixed Platforms.ActiveCfg = Release|Win32
		{96F98DA9-3345-E4BC-4B8E-9C6225A45447}.ReleaseTest|Mixed Platforms.Build.0 = Release|Win32
		{96F98DA9-3345-E4BC-4B8E-9C6225A45447}.ReleaseTest|Win32.ActiveCfg = Release|Win32
		{96F98DA9-3345-E4BC-4B8E-9C6225A45447}.ReleaseTest|Win32.Build.0 = Release|Win32
		{96F98DA9-3345-E4BC-4B8E-9C6225A45447}.ReleaseTest|x64.ActiveCfg = Release|Win32
		{96F98DA9-3345-E4BC-4B8E-9C6225A45447}.ReleaseTest|x64.Build.0 = Release|Win32
		{EF429A5B-1932-4F29-9120-7D036D0A1491}.Debug|Any CPU.ActiveCfg = Debug|Any CPU
		{EF429A5B-1932-4F29-9120-7D036D0A1491}.Debug|Any CPU.Build.0 = Debug|Any CPU
		{EF429A5B-1932-4F29-9120-7D036D0A1491}.Debug|ARM.ActiveCfg = Debug|Any CPU
		{EF429A5B-1932-4F29-9120-7D036D0A1491}.Debug|ARM.Build.0 = Debug|Any CPU
		{EF429A5B-1932-4F29-9120-7D036D0A1491}.Debug|Mixed Platforms.ActiveCfg = Debug|Any CPU
		{EF429A5B-1932-4F29-9120-7D036D0A1491}.Debug|Win32.ActiveCfg = Debug|Any CPU
		{EF429A5B-1932-4F29-9120-7D036D0A1491}.Debug|x64.ActiveCfg = Debug|Any CPU
		{EF429A5B-1932-4F29-9120-7D036D0A1491}.Debug|x64.Build.0 = Debug|Any CPU
		{EF429A5B-1932-4F29-9120-7D036D0A1491}.DebugTest|Any CPU.ActiveCfg = Debug|Any CPU
		{EF429A5B-1932-4F29-9120-7D036D0A1491}.DebugTest|Any CPU.Build.0 = Debug|Any CPU
		{EF429A5B-1932-4F29-9120-7D036D0A1491}.DebugTest|ARM.ActiveCfg = Debug|Any CPU
		{EF429A5B-1932-4F29-9120-7D036D0A1491}.DebugTest|ARM.Build.0 = Debug|Any CPU
		{EF429A5B-1932-4F29-9120-7D036D0A1491}.DebugTest|Mixed Platforms.ActiveCfg = Debug|Any CPU
		{EF429A5B-1932-4F29-9120-7D036D0A1491}.DebugTest|Mixed Platforms.Build.0 = Debug|Any CPU
		{EF429A5B-1932-4F29-9120-7D036D0A1491}.DebugTest|Win32.ActiveCfg = Debug|Any CPU
		{EF429A5B-1932-4F29-9120-7D036D0A1491}.DebugTest|x64.ActiveCfg = Debug|Any CPU
		{EF429A5B-1932-4F29-9120-7D036D0A1491}.DebugTest|x64.Build.0 = Debug|Any CPU
		{EF429A5B-1932-4F29-9120-7D036D0A1491}.Release|Any CPU.ActiveCfg = Release|Any CPU
		{EF429A5B-1932-4F29-9120-7D036D0A1491}.Release|Any CPU.Build.0 = Release|Any CPU
		{EF429A5B-1932-4F29-9120-7D036D0A1491}.Release|ARM.ActiveCfg = Release|Any CPU
		{EF429A5B-1932-4F29-9120-7D036D0A1491}.Release|ARM.Build.0 = Release|Any CPU
		{EF429A5B-1932-4F29-9120-7D036D0A1491}.Release|Mixed Platforms.ActiveCfg = Release|Any CPU
		{EF429A5B-1932-4F29-9120-7D036D0A1491}.Release|Win32.ActiveCfg = Release|Any CPU
		{EF429A5B-1932-4F29-9120-7D036D0A1491}.Release|x64.ActiveCfg = Release|Any CPU
		{EF429A5B-1932-4F29-9120-7D036D0A1491}.Release|x64.Build.0 = Release|Any CPU
		{EF429A5B-1932-4F29-9120-7D036D0A1491}.ReleaseTest|Any CPU.ActiveCfg = Release|Any CPU
		{EF429A5B-1932-4F29-9120-7D036D0A1491}.ReleaseTest|Any CPU.Build.0 = Release|Any CPU
		{EF429A5B-1932-4F29-9120-7D036D0A1491}.ReleaseTest|ARM.ActiveCfg = Release|Any CPU
		{EF429A5B-1932-4F29-9120-7D036D0A1491}.ReleaseTest|ARM.Build.0 = Release|Any CPU
		{EF429A5B-1932-4F29-9120-7D036D0A1491}.ReleaseTest|Mixed Platforms.ActiveCfg = Release|Any CPU
		{EF429A5B-1932-4F29-9120-7D036D0A1491}.ReleaseTest|Mixed Platforms.Build.0 = Release|Any CPU
		{EF429A5B-1932-4F29-9120-7D036D0A1491}.ReleaseTest|Win32.ActiveCfg = Release|Any CPU
		{EF429A5B-1932-4F29-9120-7D036D0A1491}.ReleaseTest|x64.ActiveCfg = Release|Any CPU
		{EF429A5B-1932-4F29-9120-7D036D0A1491}.ReleaseTest|x64.Build.0 = Release|Any CPU
		{D13E39CD-E54E-43AF-AC0C-1425B755024E}.Debug|Any CPU.ActiveCfg = Debug|Any CPU
		{D13E39CD-E54E-43AF-AC0C-1425B755024E}.Debug|Any CPU.Build.0 = Debug|Any CPU
		{D13E39CD-E54E-43AF-AC0C-1425B755024E}.Debug|ARM.ActiveCfg = Debug|Any CPU
		{D13E39CD-E54E-43AF-AC0C-1425B755024E}.Debug|ARM.Build.0 = Debug|Any CPU
		{D13E39CD-E54E-43AF-AC0C-1425B755024E}.Debug|Mixed Platforms.ActiveCfg = Debug|Any CPU
		{D13E39CD-E54E-43AF-AC0C-1425B755024E}.Debug|Mixed Platforms.Build.0 = Debug|Any CPU
		{D13E39CD-E54E-43AF-AC0C-1425B755024E}.Debug|Win32.ActiveCfg = Debug|Any CPU
		{D13E39CD-E54E-43AF-AC0C-1425B755024E}.Debug|x64.ActiveCfg = Debug|Any CPU
		{D13E39CD-E54E-43AF-AC0C-1425B755024E}.Debug|x64.Build.0 = Debug|Any CPU
		{D13E39CD-E54E-43AF-AC0C-1425B755024E}.DebugTest|Any CPU.ActiveCfg = Debug|Any CPU
		{D13E39CD-E54E-43AF-AC0C-1425B755024E}.DebugTest|Any CPU.Build.0 = Debug|Any CPU
		{D13E39CD-E54E-43AF-AC0C-1425B755024E}.DebugTest|ARM.ActiveCfg = Debug|Any CPU
		{D13E39CD-E54E-43AF-AC0C-1425B755024E}.DebugTest|ARM.Build.0 = Debug|Any CPU
		{D13E39CD-E54E-43AF-AC0C-1425B755024E}.DebugTest|Mixed Platforms.ActiveCfg = Debug|Any CPU
		{D13E39CD-E54E-43AF-AC0C-1425B755024E}.DebugTest|Win32.ActiveCfg = Debug|Any CPU
		{D13E39CD-E54E-43AF-AC0C-1425B755024E}.DebugTest|x64.ActiveCfg = Debug|Any CPU
		{D13E39CD-E54E-43AF-AC0C-1425B755024E}.DebugTest|x64.Build.0 = Debug|Any CPU
		{D13E39CD-E54E-43AF-AC0C-1425B755024E}.Release|Any CPU.ActiveCfg = Release|Any CPU
		{D13E39CD-E54E-43AF-AC0C-1425B755024E}.Release|Any CPU.Build.0 = Release|Any CPU
		{D13E39CD-E54E-43AF-AC0C-1425B755024E}.Release|ARM.ActiveCfg = Release|Any CPU
		{D13E39CD-E54E-43AF-AC0C-1425B755024E}.Release|ARM.Build.0 = Release|Any CPU
		{D13E39CD-E54E-43AF-AC0C-1425B755024E}.Release|Mixed Platforms.ActiveCfg = Release|Any CPU
		{D13E39CD-E54E-43AF-AC0C-1425B755024E}.Release|Mixed Platforms.Build.0 = Release|Any CPU
		{D13E39CD-E54E-43AF-AC0C-1425B755024E}.Release|Win32.ActiveCfg = Release|Any CPU
		{D13E39CD-E54E-43AF-AC0C-1425B755024E}.Release|x64.ActiveCfg = Release|Any CPU
		{D13E39CD-E54E-43AF-AC0C-1425B755024E}.Release|x64.Build.0 = Release|Any CPU
		{D13E39CD-E54E-43AF-AC0C-1425B755024E}.ReleaseTest|Any CPU.ActiveCfg = Release|Any CPU
		{D13E39CD-E54E-43AF-AC0C-1425B755024E}.ReleaseTest|Any CPU.Build.0 = Release|Any CPU
		{D13E39CD-E54E-43AF-AC0C-1425B755024E}.ReleaseTest|ARM.ActiveCfg = Release|Any CPU
		{D13E39CD-E54E-43AF-AC0C-1425B755024E}.ReleaseTest|ARM.Build.0 = Release|Any CPU
		{D13E39CD-E54E-43AF-AC0C-1425B755024E}.ReleaseTest|Mixed Platforms.ActiveCfg = Release|Any CPU
		{D13E39CD-E54E-43AF-AC0C-1425B755024E}.ReleaseTest|Win32.ActiveCfg = Release|Any CPU
		{D13E39CD-E54E-43AF-AC0C-1425B755024E}.ReleaseTest|x64.ActiveCfg = Release|Any CPU
		{D13E39CD-E54E-43AF-AC0C-1425B755024E}.ReleaseTest|x64.Build.0 = Release|Any CPU
		{799DC5DC-9F2E-4473-8258-EF946005D83B}.Debug|Any CPU.ActiveCfg = Debug|Win32
		{799DC5DC-9F2E-4473-8258-EF946005D83B}.Debug|ARM.ActiveCfg = Debug|ARM
		{799DC5DC-9F2E-4473-8258-EF946005D83B}.Debug|ARM.Build.0 = Debug|ARM
		{799DC5DC-9F2E-4473-8258-EF946005D83B}.Debug|Mixed Platforms.ActiveCfg = Debug|Win32
		{799DC5DC-9F2E-4473-8258-EF946005D83B}.Debug|Mixed Platforms.Build.0 = Debug|Win32
		{799DC5DC-9F2E-4473-8258-EF946005D83B}.Debug|Win32.ActiveCfg = Debug|Win32
		{799DC5DC-9F2E-4473-8258-EF946005D83B}.Debug|Win32.Build.0 = Debug|Win32
		{799DC5DC-9F2E-4473-8258-EF946005D83B}.Debug|x64.ActiveCfg = Debug|x64
		{799DC5DC-9F2E-4473-8258-EF946005D83B}.Debug|x64.Build.0 = Debug|x64
		{799DC5DC-9F2E-4473-8258-EF946005D83B}.DebugTest|Any CPU.ActiveCfg = Release|x64
		{799DC5DC-9F2E-4473-8258-EF946005D83B}.DebugTest|Any CPU.Build.0 = Release|x64
		{799DC5DC-9F2E-4473-8258-EF946005D83B}.DebugTest|ARM.ActiveCfg = Debug|ARM
		{799DC5DC-9F2E-4473-8258-EF946005D83B}.DebugTest|ARM.Build.0 = Debug|ARM
		{799DC5DC-9F2E-4473-8258-EF946005D83B}.DebugTest|Mixed Platforms.ActiveCfg = Debug|Win32
		{799DC5DC-9F2E-4473-8258-EF946005D83B}.DebugTest|Mixed Platforms.Build.0 = Debug|Win32
		{799DC5DC-9F2E-4473-8258-EF946005D83B}.DebugTest|Win32.ActiveCfg = Debug|Win32
		{799DC5DC-9F2E-4473-8258-EF946005D83B}.DebugTest|Win32.Build.0 = Debug|Win32
		{799DC5DC-9F2E-4473-8258-EF946005D83B}.DebugTest|x64.ActiveCfg = Debug|x64
		{799DC5DC-9F2E-4473-8258-EF946005D83B}.DebugTest|x64.Build.0 = Debug|x64
		{799DC5DC-9F2E-4473-8258-EF946005D83B}.Release|Any CPU.ActiveCfg = Release|Win32
		{799DC5DC-9F2E-4473-8258-EF946005D83B}.Release|ARM.ActiveCfg = Release|ARM
		{799DC5DC-9F2E-4473-8258-EF946005D83B}.Release|ARM.Build.0 = Release|ARM
		{799DC5DC-9F2E-4473-8258-EF946005D83B}.Release|Mixed Platforms.ActiveCfg = Release|Win32
		{799DC5DC-9F2E-4473-8258-EF946005D83B}.Release|Mixed Platforms.Build.0 = Release|Win32
		{799DC5DC-9F2E-4473-8258-EF946005D83B}.Release|Win32.ActiveCfg = Release|Win32
		{799DC5DC-9F2E-4473-8258-EF946005D83B}.Release|Win32.Build.0 = Release|Win32
		{799DC5DC-9F2E-4473-8258-EF946005D83B}.Release|x64.ActiveCfg = Release|x64
		{799DC5DC-9F2E-4473-8258-EF946005D83B}.Release|x64.Build.0 = Release|x64
		{799DC5DC-9F2E-4473-8258-EF946005D83B}.ReleaseTest|Any CPU.ActiveCfg = Release|x64
		{799DC5DC-9F2E-4473-8258-EF946005D83B}.ReleaseTest|Any CPU.Build.0 = Release|x64
		{799DC5DC-9F2E-4473-8258-EF946005D83B}.ReleaseTest|ARM.ActiveCfg = Release|ARM
		{799DC5DC-9F2E-4473-8258-EF946005D83B}.ReleaseTest|ARM.Build.0 = Release|ARM
		{799DC5DC-9F2E-4473-8258-EF946005D83B}.ReleaseTest|Mixed Platforms.ActiveCfg = Release|Win32
		{799DC5DC-9F2E-4473-8258-EF946005D83B}.ReleaseTest|Mixed Platforms.Build.0 = Release|Win32
		{799DC5DC-9F2E-4473-8258-EF946005D83B}.ReleaseTest|Win32.ActiveCfg = Release|Win32
		{799DC5DC-9F2E-4473-8258-EF946005D83B}.ReleaseTest|Win32.Build.0 = Release|Win32
		{799DC5DC-9F2E-4473-8258-EF946005D83B}.ReleaseTest|x64.ActiveCfg = Release|x64
		{799DC5DC-9F2E-4473-8258-EF946005D83B}.ReleaseTest|x64.Build.0 = Release|x64
	EndGlobalSection
	GlobalSection(SolutionProperties) = preSolution
		HideSolutionNode = FALSE
	EndGlobalSection
	GlobalSection(TestCaseManagementSettings) = postSolution
		CategoryFile = lzma.vsmdi
	EndGlobalSection
EndGlobal
