<?xml version="1.0" encoding="utf-8"?>
<Project ToolsVersion="4.0" xmlns="http://schemas.microsoft.com/developer/msbuild/2003">
  <ItemGroup>
    <Filter Include="header">
      <UniqueIdentifier>{93995380-89BD-4b04-88EB-625FBE52EBFB}</UniqueIdentifier>
      <Extensions>h;hpp;hxx;hm;inl;inc;xsd</Extensions>
    </Filter>
    <Filter Include="source">
      <UniqueIdentifier>{4FC737F1-C7A5-4376-A066-2A32D752A2FF}</UniqueIdentifier>
      <Extensions>cpp;c;cc;cxx;def;odl;idl;hpj;bat;asm;asmx</Extensions>
    </Filter>
  </ItemGroup>
  <ItemGroup>
    <ClCompile Include="AssemblyInfo.cpp" />
    <ClCompile Include="wrapper.cpp" />
    <ClCompile Include="native.cpp" />
    <ClCompile Include="Trace.cpp" />
    <ClCompile Include="lzma\LzFind.c">
      <Filter>source</Filter>
    </ClCompile>
    <ClCompile Include="lzma\LzFindMt.c">
      <Filter>source</Filter>
    </ClCompile>
    <ClCompile Include="lzma\Lzma2Dec.c">
      <Filter>source</Filter>
    </ClCompile>
    <ClCompile Include="lzma\Lzma2Enc.c">
      <Filter>source</Filter>
    </ClCompile>
    <ClCompile Include="lzma\LzmaDec.c">
      <Filter>source</Filter>
    </ClCompile>
    <ClCompile Include="lzma\LzmaEnc.c">
      <Filter>source</Filter>
    </ClCompile>
    <ClCompile Include="lzma\LzmaLib.c">
      <Filter>source</Filter>
    </ClCompile>
    <ClCompile Include="lzma\MtCoder.c">
      <Filter>source</Filter>
    </ClCompile>
    <ClCompile Include="lzma\Threads.c">
      <Filter>source</Filter>
    </ClCompile>
    <ClCompile Include="lzma\Alloc.c">
      <Filter>source</Filter>
    </ClCompile>
  </ItemGroup>
  <ItemGroup>
    <ClInclude Include="wrapper.h" />
    <ClInclude Include="Trace.h" />
    <ClInclude Include="native.h" />
    <ClInclude Include="lzma\LzFind.h">
      <Filter>header</Filter>
    </ClInclude>
    <ClInclude Include="lzma\LzFindMt.h">
      <Filter>header</Filter>
    </ClInclude>
    <ClInclude Include="lzma\LzHash.h">
      <Filter>header</Filter>
    </ClInclude>
    <ClInclude Include="lzma\Lzma2Dec.h">
      <Filter>header</Filter>
    </ClInclude>
    <ClInclude Include="lzma\Lzma2Enc.h">
      <Filter>header</Filter>
    </ClInclude>
    <ClInclude Include="lzma\LzmaDec.h">
      <Filter>header</Filter>
    </ClInclude>
    <ClInclude Include="lzma\LzmaEnc.h">
      <Filter>header</Filter>
    </ClInclude>
    <ClInclude Include="lzma\LzmaLib.h">
      <Filter>header</Filter>
    </ClInclude>
    <ClInclude Include="lzma\MtCoder.h">
      <Filter>header</Filter>
    </ClInclude>
    <ClInclude Include="lzma\Threads.h">
      <Filter>header</Filter>
    </ClInclude>
    <ClInclude Include="lzma\Types.h">
      <Filter>header</Filter>
    </ClInclude>
    <ClInclude Include="lzma\Alloc.h">
      <Filter>header</Filter>
    </ClInclude>
  </ItemGroup>
</Project>